
Microsoft Visual Studio Solution File, Format Version 12.00
# Visual Studio Version 16
VisualStudioVersion = 16.0.29926.136
MinimumVisualStudioVersion = 10.0.40219.1
Project("{FAE04EC0-301F-11D3-BF4B-00C04F79EFBC}") = "CSaVe Electrochemical Data", "CSaVe Electrochemical Data.csproj", "{C7854D46-AE06-4DEB-91C8-7E08310394B7}"
EndProject
Project("{C7167F0D-BC9F-4E6E-AFE1-012C56B48DB5}") = "CSaVe Electrochemical Data Package", "..\CSaVe Electrochemical Data Package\CSaVe Electrochemical Data Package.wapproj", "{3A94CE34-B7DF-442B-B359-B280045CFFBA}"
EndProject
Project("{2150E333-8FDC-42A3-9474-1A3956D46DE8}") = "Solution Items", "Solution Items", "{555295BE-C923-4C67-AB78-5A6E33FF374E}"
	ProjectSection(SolutionItems) = preProject
		CSaVE Electrochemical Data Icon.png = CSaVE Electrochemical Data Icon.png
	EndProjectSection
EndProject
Global
	GlobalSection(SolutionConfigurationPlatforms) = preSolution
		Debug|Any CPU = Debug|Any CPU
		Debug|ARM = Debug|ARM
		Debug|ARM64 = Debug|ARM64
		Debug|x64 = Debug|x64
		Debug|x86 = Debug|x86
		Release|Any CPU = Release|Any CPU
		Release|ARM = Release|ARM
		Release|ARM64 = Release|ARM64
		Release|x64 = Release|x64
		Release|x86 = Release|x86
	EndGlobalSection
	GlobalSection(ProjectConfigurationPlatforms) = postSolution
		{C7854D46-AE06-4DEB-91C8-7E08310394B7}.Debug|Any CPU.ActiveCfg = Debug|x86
		{C7854D46-AE06-4DEB-91C8-7E08310394B7}.Debug|Any CPU.Build.0 = Debug|x86
		{C7854D46-AE06-4DEB-91C8-7E08310394B7}.Debug|ARM.ActiveCfg = Debug|Any CPU
		{C7854D46-AE06-4DEB-91C8-7E08310394B7}.Debug|ARM.Build.0 = Debug|Any CPU
		{C7854D46-AE06-4DEB-91C8-7E08310394B7}.Debug|ARM64.ActiveCfg = Debug|Any CPU
		{C7854D46-AE06-4DEB-91C8-7E08310394B7}.Debug|ARM64.Build.0 = Debug|Any CPU
		{C7854D46-AE06-4DEB-91C8-7E08310394B7}.Debug|x64.ActiveCfg = Debug|Any CPU
		{C7854D46-AE06-4DEB-91C8-7E08310394B7}.Debug|x64.Build.0 = Debug|Any CPU
		{C7854D46-AE06-4DEB-91C8-7E08310394B7}.Debug|x86.ActiveCfg = Debug|x86
		{C7854D46-AE06-4DEB-91C8-7E08310394B7}.Debug|x86.Build.0 = Debug|x86
		{C7854D46-AE06-4DEB-91C8-7E08310394B7}.Release|Any CPU.ActiveCfg = Release|x86
		{C7854D46-AE06-4DEB-91C8-7E08310394B7}.Release|Any CPU.Build.0 = Release|x86
		{C7854D46-AE06-4DEB-91C8-7E08310394B7}.Release|ARM.ActiveCfg = Release|Any CPU
		{C7854D46-AE06-4DEB-91C8-7E08310394B7}.Release|ARM.Build.0 = Release|Any CPU
		{C7854D46-AE06-4DEB-91C8-7E08310394B7}.Release|ARM64.ActiveCfg = Release|Any CPU
		{C7854D46-AE06-4DEB-91C8-7E08310394B7}.Release|ARM64.Build.0 = Release|Any CPU
		{C7854D46-AE06-4DEB-91C8-7E08310394B7}.Release|x64.ActiveCfg = Release|Any CPU
		{C7854D46-AE06-4DEB-91C8-7E08310394B7}.Release|x64.Build.0 = Release|Any CPU
		{C7854D46-AE06-4DEB-91C8-7E08310394B7}.Release|x86.ActiveCfg = Release|x86
		{C7854D46-AE06-4DEB-91C8-7E08310394B7}.Release|x86.Build.0 = Release|x86
		{3A94CE34-B7DF-442B-B359-B280045CFFBA}.Debug|Any CPU.ActiveCfg = Debug|x86
		{3A94CE34-B7DF-442B-B359-B280045CFFBA}.Debug|Any CPU.Build.0 = Debug|x86
		{3A94CE34-B7DF-442B-B359-B280045CFFBA}.Debug|Any CPU.Deploy.0 = Debug|x86
		{3A94CE34-B7DF-442B-B359-B280045CFFBA}.Debug|ARM.ActiveCfg = Debug|ARM
		{3A94CE34-B7DF-442B-B359-B280045CFFBA}.Debug|ARM.Build.0 = Debug|ARM
		{3A94CE34-B7DF-442B-B359-B280045CFFBA}.Debug|ARM.Deploy.0 = Debug|ARM
		{3A94CE34-B7DF-442B-B359-B280045CFFBA}.Debug|ARM64.ActiveCfg = Debug|ARM64
		{3A94CE34-B7DF-442B-B359-B280045CFFBA}.Debug|ARM64.Build.0 = Debug|ARM64
		{3A94CE34-B7DF-442B-B359-B280045CFFBA}.Debug|ARM64.Deploy.0 = Debug|ARM64
		{3A94CE34-B7DF-442B-B359-B280045CFFBA}.Debug|x64.ActiveCfg = Debug|x64
		{3A94CE34-B7DF-442B-B359-B280045CFFBA}.Debug|x64.Build.0 = Debug|x64
		{3A94CE34-B7DF-442B-B359-B280045CFFBA}.Debug|x64.Deploy.0 = Debug|x64
		{3A94CE34-B7DF-442B-B359-B280045CFFBA}.Debug|x86.ActiveCfg = Debug|x86
		{3A94CE34-B7DF-442B-B359-B280045CFFBA}.Debug|x86.Build.0 = Debug|x86
		{3A94CE34-B7DF-442B-B359-B280045CFFBA}.Debug|x86.Deploy.0 = Debug|x86
		{3A94CE34-B7DF-442B-B359-B280045CFFBA}.Release|Any CPU.ActiveCfg = Release|x86
		{3A94CE34-B7DF-442B-B359-B280045CFFBA}.Release|Any CPU.Build.0 = Release|x86
		{3A94CE34-B7DF-442B-B359-B280045CFFBA}.Release|Any CPU.Deploy.0 = Release|x86
		{3A94CE34-B7DF-442B-B359-B280045CFFBA}.Release|ARM.ActiveCfg = Release|ARM
		{3A94CE34-B7DF-442B-B359-B280045CFFBA}.Release|ARM.Build.0 = Release|ARM
		{3A94CE34-B7DF-442B-B359-B280045CFFBA}.Release|ARM.Deploy.0 = Release|ARM
		{3A94CE34-B7DF-442B-B359-B280045CFFBA}.Release|ARM64.ActiveCfg = Release|ARM64
		{3A94CE34-B7DF-442B-B359-B280045CFFBA}.Release|ARM64.Build.0 = Release|ARM64
		{3A94CE34-B7DF-442B-B359-B280045CFFBA}.Release|ARM64.Deploy.0 = Release|ARM64
		{3A94CE34-B7DF-442B-B359-B280045CFFBA}.Release|x64.ActiveCfg = Release|x64
		{3A94CE34-B7DF-442B-B359-B280045CFFBA}.Release|x64.Build.0 = Release|x64
		{3A94CE34-B7DF-442B-B359-B280045CFFBA}.Release|x64.Deploy.0 = Release|x64
		{3A94CE34-B7DF-442B-B359-B280045CFFBA}.Release|x86.ActiveCfg = Release|x86
		{3A94CE34-B7DF-442B-B359-B280045CFFBA}.Release|x86.Build.0 = Release|x86
		{3A94CE34-B7DF-442B-B359-B280045CFFBA}.Release|x86.Deploy.0 = Release|x86
	EndGlobalSection
	GlobalSection(SolutionProperties) = preSolution
		HideSolutionNode = FALSE
	EndGlobalSection
	GlobalSection(ExtensibilityGlobals) = postSolution
		SolutionGuid = {0E7BD7AC-E308-453F-9739-CC771466E9E9}
	EndGlobalSection
EndGlobal
